
Microsoft Visual Studio Solution File, Format Version 12.00
# Visual Studio Version 17
VisualStudioVersion = 17.9.34714.143
MinimumVisualStudioVersion = 10.0.40219.1
Project("{FAE04EC0-301F-11D3-BF4B-00C04F79EFBC}") = "cadMaterial", "cadMaterial\cadMaterial.csproj", "{4E04AC2D-8A01-4B57-AA89-F12522BF69EB}"
EndProject
Global
	GlobalSection(SolutionConfigurationPlatforms) = preSolution
		Debug|Any CPU = Debug|Any CPU
		Release|Any CPU = Release|Any CPU
	EndGlobalSection
	GlobalSection(ProjectConfigurationPlatforms) = postSolution
		{4E04AC2D-8A01-4B57-AA89-F12522BF69EB}.Debug|Any CPU.ActiveCfg = Debug|Any CPU
		{4E04AC2D-8A01-4B57-AA89-F12522BF69EB}.Debug|Any CPU.Build.0 = Debug|Any CPU
		{4E04AC2D-8A01-4B57-AA89-F12522BF69EB}.Release|Any CPU.ActiveCfg = Release|Any CPU
		{4E04AC2D-8A01-4B57-AA89-F12522BF69EB}.Release|Any CPU.Build.0 = Release|Any CPU
	EndGlobalSection
	GlobalSection(SolutionProperties) = preSolution
		HideSolutionNode = FALSE
	EndGlobalSection
	GlobalSection(ExtensibilityGlobals) = postSolution
		SolutionGuid = {C2AFDB56-55FD-4457-AFF2-CFE53F3C65E5}
	EndGlobalSection
EndGlobal
